// !$*UTF8*$!
{
	archiveVersion = 1;
	classes = {
	};
	objectVersion = 46;
	objects = {

/* Begin PBXBuildFile section */
		8ECD85321980A55C00A71228 /* TRLevelDB.m in Sources */ = {isa = PBXBuildFile; fileRef = 8ECD85311980A55C00A71228 /* TRLevelDB.m */; };
		C6C686C7197F7C430042DAEF /* Foundation.framework in Frameworks */ = {isa = PBXBuildFile; fileRef = C6C686C6197F7C430042DAEF /* Foundation.framework */; };
		C6C686C9197F7C430042DAEF /* CoreGraphics.framework in Frameworks */ = {isa = PBXBuildFile; fileRef = C6C686C8197F7C430042DAEF /* CoreGraphics.framework */; };
		C6C686CB197F7C430042DAEF /* UIKit.framework in Frameworks */ = {isa = PBXBuildFile; fileRef = C6C686CA197F7C430042DAEF /* UIKit.framework */; };
		C6C686D1197F7C430042DAEF /* InfoPlist.strings in Resources */ = {isa = PBXBuildFile; fileRef = C6C686CF197F7C430042DAEF /* InfoPlist.strings */; };
		C6C686D3197F7C430042DAEF /* main.m in Sources */ = {isa = PBXBuildFile; fileRef = C6C686D2197F7C430042DAEF /* main.m */; };
		C6C686D7197F7C430042DAEF /* TRAppDelegate.m in Sources */ = {isa = PBXBuildFile; fileRef = C6C686D6197F7C430042DAEF /* TRAppDelegate.m */; };
		C6C686DA197F7C430042DAEF /* Main.storyboard in Resources */ = {isa = PBXBuildFile; fileRef = C6C686D8197F7C430042DAEF /* Main.storyboard */; };
		C6C686DF197F7C430042DAEF /* Images.xcassets in Resources */ = {isa = PBXBuildFile; fileRef = C6C686DE197F7C430042DAEF /* Images.xcassets */; };
		C6C686E6197F7C430042DAEF /* XCTest.framework in Frameworks */ = {isa = PBXBuildFile; fileRef = C6C686E5197F7C430042DAEF /* XCTest.framework */; };
		C6C686E7197F7C430042DAEF /* Foundation.framework in Frameworks */ = {isa = PBXBuildFile; fileRef = C6C686C6197F7C430042DAEF /* Foundation.framework */; };
		C6C686E8197F7C430042DAEF /* UIKit.framework in Frameworks */ = {isa = PBXBuildFile; fileRef = C6C686CA197F7C430042DAEF /* UIKit.framework */; };
		C6C686F0197F7C430042DAEF /* InfoPlist.strings in Resources */ = {isa = PBXBuildFile; fileRef = C6C686EE197F7C430042DAEF /* InfoPlist.strings */; };
		C6C686F2197F7C430042DAEF /* TimeRecordTests.m in Sources */ = {isa = PBXBuildFile; fileRef = C6C686F1197F7C430042DAEF /* TimeRecordTests.m */; };
		C6C68703197F9DA90042DAEF /* TRTimeTableViewController.m in Sources */ = {isa = PBXBuildFile; fileRef = C6C68702197F9DA90042DAEF /* TRTimeTableViewController.m */; };
		C6C68706197F9DB90042DAEF /* TRMineTableViewController.m in Sources */ = {isa = PBXBuildFile; fileRef = C6C68705197F9DB90042DAEF /* TRMineTableViewController.m */; };
		C6C6870F197FBAC70042DAEF /* UIViewController+Sugar.m in Sources */ = {isa = PBXBuildFile; fileRef = C6C6870E197FBAC70042DAEF /* UIViewController+Sugar.m */; };
		C6C6871A197FDBA00042DAEF /* TRPhotoTagViewController.m in Sources */ = {isa = PBXBuildFile; fileRef = C6C68719197FDBA00042DAEF /* TRPhotoTagViewController.m */; };
		C6C6871E197FDF2A0042DAEF /* PhotoTag.storyboard in Resources */ = {isa = PBXBuildFile; fileRef = C6C6871D197FDF2A0042DAEF /* PhotoTag.storyboard */; };
		C6C687251980AE710042DAEF /* TRMineView.m in Sources */ = {isa = PBXBuildFile; fileRef = C6C687241980AE710042DAEF /* TRMineView.m */; };
		C6C687291980B2770042DAEF /* TRTimeModel.m in Sources */ = {isa = PBXBuildFile; fileRef = C6C687281980B2770042DAEF /* TRTimeModel.m */; };
		C6C6872D1980B45C0042DAEF /* TRTimePhotoModel.m in Sources */ = {isa = PBXBuildFile; fileRef = C6C6872C1980B45C0042DAEF /* TRTimePhotoModel.m */; };
		C6C687301980B6D60042DAEF /* TRTimeCreateTableViewController.m in Sources */ = {isa = PBXBuildFile; fileRef = C6C6872F1980B6D60042DAEF /* TRTimeCreateTableViewController.m */; };
		C6C687321980B7010042DAEF /* Time.storyboard in Resources */ = {isa = PBXBuildFile; fileRef = C6C687311980B7010042DAEF /* Time.storyboard */; };
		C6C687371980B94E0042DAEF /* TRPhotoPickerManager.m in Sources */ = {isa = PBXBuildFile; fileRef = C6C687361980B94E0042DAEF /* TRPhotoPickerManager.m */; };
		C6C6873B1980B9770042DAEF /* TRTimeManager.m in Sources */ = {isa = PBXBuildFile; fileRef = C6C6873A1980B9770042DAEF /* TRTimeManager.m */; };
		C6C6873E1980F29A0042DAEF /* TRPhotoBrowserDelegate.m in Sources */ = {isa = PBXBuildFile; fileRef = C6C6873D1980F29A0042DAEF /* TRPhotoBrowserDelegate.m */; };
		C6C68742198104740042DAEF /* TRPhotoPicker.m in Sources */ = {isa = PBXBuildFile; fileRef = C6C68741198104740042DAEF /* TRPhotoPicker.m */; };
		C6C687451981053B0042DAEF /* TRPhotoPickerDelegate.m in Sources */ = {isa = PBXBuildFile; fileRef = C6C687441981053B0042DAEF /* TRPhotoPickerDelegate.m */; };
		F37361F5CEB14ABE87846AD7 /* libPods.a in Frameworks */ = {isa = PBXBuildFile; fileRef = DD5D5A459E9E4F7EAD14C4A3 /* libPods.a */; };
/* End PBXBuildFile section */

/* Begin PBXContainerItemProxy section */
		C6C686E9197F7C430042DAEF /* PBXContainerItemProxy */ = {
			isa = PBXContainerItemProxy;
			containerPortal = C6C686BB197F7C430042DAEF /* Project object */;
			proxyType = 1;
			remoteGlobalIDString = C6C686C2197F7C430042DAEF;
			remoteInfo = TimeRecord;
		};
/* End PBXContainerItemProxy section */

/* Begin PBXFileReference section */
		8ECD85301980A55C00A71228 /* TRLevelDB.h */ = {isa = PBXFileReference; fileEncoding = 4; lastKnownFileType = sourcecode.c.h; path = TRLevelDB.h; sourceTree = "<group>"; };
		8ECD85311980A55C00A71228 /* TRLevelDB.m */ = {isa = PBXFileReference; fileEncoding = 4; lastKnownFileType = sourcecode.c.objc; path = TRLevelDB.m; sourceTree = "<group>"; };
		B80D4A2BF5F1432D91312A96 /* Pods.xcconfig */ = {isa = PBXFileReference; includeInIndex = 1; lastKnownFileType = text.xcconfig; name = Pods.xcconfig; path = Pods/Pods.xcconfig; sourceTree = "<group>"; };
		C6C686C3197F7C430042DAEF /* TimeRecord.app */ = {isa = PBXFileReference; explicitFileType = wrapper.application; includeInIndex = 0; path = TimeRecord.app; sourceTree = BUILT_PRODUCTS_DIR; };
		C6C686C6197F7C430042DAEF /* Foundation.framework */ = {isa = PBXFileReference; lastKnownFileType = wrapper.framework; name = Foundation.framework; path = System/Library/Frameworks/Foundation.framework; sourceTree = SDKROOT; };
		C6C686C8197F7C430042DAEF /* CoreGraphics.framework */ = {isa = PBXFileReference; lastKnownFileType = wrapper.framework; name = CoreGraphics.framework; path = System/Library/Frameworks/CoreGraphics.framework; sourceTree = SDKROOT; };
		C6C686CA197F7C430042DAEF /* UIKit.framework */ = {isa = PBXFileReference; lastKnownFileType = wrapper.framework; name = UIKit.framework; path = System/Library/Frameworks/UIKit.framework; sourceTree = SDKROOT; };
		C6C686CE197F7C430042DAEF /* TimeRecord-Info.plist */ = {isa = PBXFileReference; lastKnownFileType = text.plist.xml; path = "TimeRecord-Info.plist"; sourceTree = "<group>"; };
		C6C686D0197F7C430042DAEF /* en */ = {isa = PBXFileReference; lastKnownFileType = text.plist.strings; name = en; path = en.lproj/InfoPlist.strings; sourceTree = "<group>"; };
		C6C686D2197F7C430042DAEF /* main.m */ = {isa = PBXFileReference; lastKnownFileType = sourcecode.c.objc; path = main.m; sourceTree = "<group>"; };
		C6C686D4197F7C430042DAEF /* TimeRecord-Prefix.pch */ = {isa = PBXFileReference; lastKnownFileType = sourcecode.c.h; path = "TimeRecord-Prefix.pch"; sourceTree = "<group>"; };
		C6C686D5197F7C430042DAEF /* TRAppDelegate.h */ = {isa = PBXFileReference; lastKnownFileType = sourcecode.c.h; path = TRAppDelegate.h; sourceTree = "<group>"; };
		C6C686D6197F7C430042DAEF /* TRAppDelegate.m */ = {isa = PBXFileReference; lastKnownFileType = sourcecode.c.objc; path = TRAppDelegate.m; sourceTree = "<group>"; };
		C6C686D9197F7C430042DAEF /* Base */ = {isa = PBXFileReference; lastKnownFileType = file.storyboard; name = Base; path = Base.lproj/Main.storyboard; sourceTree = "<group>"; };
		C6C686DE197F7C430042DAEF /* Images.xcassets */ = {isa = PBXFileReference; lastKnownFileType = folder.assetcatalog; path = Images.xcassets; sourceTree = "<group>"; };
		C6C686E4197F7C430042DAEF /* TimeRecordTests.xctest */ = {isa = PBXFileReference; explicitFileType = wrapper.cfbundle; includeInIndex = 0; path = TimeRecordTests.xctest; sourceTree = BUILT_PRODUCTS_DIR; };
		C6C686E5197F7C430042DAEF /* XCTest.framework */ = {isa = PBXFileReference; lastKnownFileType = wrapper.framework; name = XCTest.framework; path = Library/Frameworks/XCTest.framework; sourceTree = DEVELOPER_DIR; };
		C6C686ED197F7C430042DAEF /* TimeRecordTests-Info.plist */ = {isa = PBXFileReference; lastKnownFileType = text.plist.xml; path = "TimeRecordTests-Info.plist"; sourceTree = "<group>"; };
		C6C686EF197F7C430042DAEF /* en */ = {isa = PBXFileReference; lastKnownFileType = text.plist.strings; name = en; path = en.lproj/InfoPlist.strings; sourceTree = "<group>"; };
		C6C686F1197F7C430042DAEF /* TimeRecordTests.m */ = {isa = PBXFileReference; lastKnownFileType = sourcecode.c.objc; path = TimeRecordTests.m; sourceTree = "<group>"; };
		C6C68701197F9DA90042DAEF /* TRTimeTableViewController.h */ = {isa = PBXFileReference; fileEncoding = 4; lastKnownFileType = sourcecode.c.h; path = TRTimeTableViewController.h; sourceTree = "<group>"; };
		C6C68702197F9DA90042DAEF /* TRTimeTableViewController.m */ = {isa = PBXFileReference; fileEncoding = 4; lastKnownFileType = sourcecode.c.objc; path = TRTimeTableViewController.m; sourceTree = "<group>"; };
		C6C68704197F9DB90042DAEF /* TRMineTableViewController.h */ = {isa = PBXFileReference; fileEncoding = 4; lastKnownFileType = sourcecode.c.h; path = TRMineTableViewController.h; sourceTree = "<group>"; };
		C6C68705197F9DB90042DAEF /* TRMineTableViewController.m */ = {isa = PBXFileReference; fileEncoding = 4; lastKnownFileType = sourcecode.c.objc; path = TRMineTableViewController.m; sourceTree = "<group>"; };
		C6C6870D197FBAC70042DAEF /* UIViewController+Sugar.h */ = {isa = PBXFileReference; fileEncoding = 4; lastKnownFileType = sourcecode.c.h; path = "UIViewController+Sugar.h"; sourceTree = "<group>"; };
		C6C6870E197FBAC70042DAEF /* UIViewController+Sugar.m */ = {isa = PBXFileReference; fileEncoding = 4; lastKnownFileType = sourcecode.c.objc; path = "UIViewController+Sugar.m"; sourceTree = "<group>"; };
		C6C68718197FDBA00042DAEF /* TRPhotoTagViewController.h */ = {isa = PBXFileReference; fileEncoding = 4; lastKnownFileType = sourcecode.c.h; path = TRPhotoTagViewController.h; sourceTree = "<group>"; };
		C6C68719197FDBA00042DAEF /* TRPhotoTagViewController.m */ = {isa = PBXFileReference; fileEncoding = 4; lastKnownFileType = sourcecode.c.objc; path = TRPhotoTagViewController.m; sourceTree = "<group>"; };
		C6C6871D197FDF2A0042DAEF /* PhotoTag.storyboard */ = {isa = PBXFileReference; fileEncoding = 4; lastKnownFileType = file.storyboard; path = PhotoTag.storyboard; sourceTree = "<group>"; };
		C6C687231980AE710042DAEF /* TRMineView.h */ = {isa = PBXFileReference; fileEncoding = 4; lastKnownFileType = sourcecode.c.h; path = TRMineView.h; sourceTree = "<group>"; };
		C6C687241980AE710042DAEF /* TRMineView.m */ = {isa = PBXFileReference; fileEncoding = 4; lastKnownFileType = sourcecode.c.objc; path = TRMineView.m; sourceTree = "<group>"; };
		C6C687271980B2770042DAEF /* TRTimeModel.h */ = {isa = PBXFileReference; fileEncoding = 4; lastKnownFileType = sourcecode.c.h; path = TRTimeModel.h; sourceTree = "<group>"; };
		C6C687281980B2770042DAEF /* TRTimeModel.m */ = {isa = PBXFileReference; fileEncoding = 4; lastKnownFileType = sourcecode.c.objc; path = TRTimeModel.m; sourceTree = "<group>"; };
		C6C6872B1980B45C0042DAEF /* TRTimePhotoModel.h */ = {isa = PBXFileReference; fileEncoding = 4; lastKnownFileType = sourcecode.c.h; path = TRTimePhotoModel.h; sourceTree = "<group>"; };
		C6C6872C1980B45C0042DAEF /* TRTimePhotoModel.m */ = {isa = PBXFileReference; fileEncoding = 4; lastKnownFileType = sourcecode.c.objc; path = TRTimePhotoModel.m; sourceTree = "<group>"; };
		C6C6872E1980B6D60042DAEF /* TRTimeCreateTableViewController.h */ = {isa = PBXFileReference; fileEncoding = 4; lastKnownFileType = sourcecode.c.h; path = TRTimeCreateTableViewController.h; sourceTree = "<group>"; };
		C6C6872F1980B6D60042DAEF /* TRTimeCreateTableViewController.m */ = {isa = PBXFileReference; fileEncoding = 4; lastKnownFileType = sourcecode.c.objc; path = TRTimeCreateTableViewController.m; sourceTree = "<group>"; };
		C6C687311980B7010042DAEF /* Time.storyboard */ = {isa = PBXFileReference; fileEncoding = 4; lastKnownFileType = file.storyboard; path = Time.storyboard; sourceTree = "<group>"; };
		C6C687351980B94E0042DAEF /* TRPhotoPickerManager.h */ = {isa = PBXFileReference; fileEncoding = 4; lastKnownFileType = sourcecode.c.h; path = TRPhotoPickerManager.h; sourceTree = "<group>"; };
		C6C687361980B94E0042DAEF /* TRPhotoPickerManager.m */ = {isa = PBXFileReference; fileEncoding = 4; lastKnownFileType = sourcecode.c.objc; path = TRPhotoPickerManager.m; sourceTree = "<group>"; };
		C6C687391980B9770042DAEF /* TRTimeManager.h */ = {isa = PBXFileReference; fileEncoding = 4; lastKnownFileType = sourcecode.c.h; path = TRTimeManager.h; sourceTree = "<group>"; };
		C6C6873A1980B9770042DAEF /* TRTimeManager.m */ = {isa = PBXFileReference; fileEncoding = 4; lastKnownFileType = sourcecode.c.objc; path = TRTimeManager.m; sourceTree = "<group>"; };
		C6C6873C1980F29A0042DAEF /* TRPhotoBrowserDelegate.h */ = {isa = PBXFileReference; fileEncoding = 4; lastKnownFileType = sourcecode.c.h; path = TRPhotoBrowserDelegate.h; sourceTree = "<group>"; };
		C6C6873D1980F29A0042DAEF /* TRPhotoBrowserDelegate.m */ = {isa = PBXFileReference; fileEncoding = 4; lastKnownFileType = sourcecode.c.objc; path = TRPhotoBrowserDelegate.m; sourceTree = "<group>"; };
		C6C68740198104740042DAEF /* TRPhotoPicker.h */ = {isa = PBXFileReference; fileEncoding = 4; lastKnownFileType = sourcecode.c.h; path = TRPhotoPicker.h; sourceTree = "<group>"; };
		C6C68741198104740042DAEF /* TRPhotoPicker.m */ = {isa = PBXFileReference; fileEncoding = 4; lastKnownFileType = sourcecode.c.objc; path = TRPhotoPicker.m; sourceTree = "<group>"; };
		C6C687431981053B0042DAEF /* TRPhotoPickerDelegate.h */ = {isa = PBXFileReference; fileEncoding = 4; lastKnownFileType = sourcecode.c.h; path = TRPhotoPickerDelegate.h; sourceTree = "<group>"; };
		C6C687441981053B0042DAEF /* TRPhotoPickerDelegate.m */ = {isa = PBXFileReference; fileEncoding = 4; lastKnownFileType = sourcecode.c.objc; path = TRPhotoPickerDelegate.m; sourceTree = "<group>"; };
		DD5D5A459E9E4F7EAD14C4A3 /* libPods.a */ = {isa = PBXFileReference; explicitFileType = archive.ar; includeInIndex = 0; path = libPods.a; sourceTree = BUILT_PRODUCTS_DIR; };
/* End PBXFileReference section */

/* Begin PBXFrameworksBuildPhase section */
		C6C686C0197F7C430042DAEF /* Frameworks */ = {
			isa = PBXFrameworksBuildPhase;
			buildActionMask = 2147483647;
			files = (
				C6C686C9197F7C430042DAEF /* CoreGraphics.framework in Frameworks */,
				C6C686CB197F7C430042DAEF /* UIKit.framework in Frameworks */,
				C6C686C7197F7C430042DAEF /* Foundation.framework in Frameworks */,
				F37361F5CEB14ABE87846AD7 /* libPods.a in Frameworks */,
			);
			runOnlyForDeploymentPostprocessing = 0;
		};
		C6C686E1197F7C430042DAEF /* Frameworks */ = {
			isa = PBXFrameworksBuildPhase;
			buildActionMask = 2147483647;
			files = (
				C6C686E6197F7C430042DAEF /* XCTest.framework in Frameworks */,
				C6C686E8197F7C430042DAEF /* UIKit.framework in Frameworks */,
				C6C686E7197F7C430042DAEF /* Foundation.framework in Frameworks */,
			);
			runOnlyForDeploymentPostprocessing = 0;
		};
/* End PBXFrameworksBuildPhase section */

/* Begin PBXGroup section */
		8ECD852F1980A53800A71228 /* LevelDB */ = {
			isa = PBXGroup;
			children = (
				8ECD85301980A55C00A71228 /* TRLevelDB.h */,
				8ECD85311980A55C00A71228 /* TRLevelDB.m */,
			);
			path = LevelDB;
			sourceTree = "<group>";
		};
		C6C686BA197F7C430042DAEF = {
			isa = PBXGroup;
			children = (
				C6C686CC197F7C430042DAEF /* TimeRecord */,
				C6C686EB197F7C430042DAEF /* TimeRecordTests */,
				C6C686C5197F7C430042DAEF /* Frameworks */,
				C6C686C4197F7C430042DAEF /* Products */,
				B80D4A2BF5F1432D91312A96 /* Pods.xcconfig */,
			);
			sourceTree = "<group>";
		};
		C6C686C4197F7C430042DAEF /* Products */ = {
			isa = PBXGroup;
			children = (
				C6C686C3197F7C430042DAEF /* TimeRecord.app */,
				C6C686E4197F7C430042DAEF /* TimeRecordTests.xctest */,
			);
			name = Products;
			sourceTree = "<group>";
		};
		C6C686C5197F7C430042DAEF /* Frameworks */ = {
			isa = PBXGroup;
			children = (
				C6C686C6197F7C430042DAEF /* Foundation.framework */,
				C6C686C8197F7C430042DAEF /* CoreGraphics.framework */,
				C6C686CA197F7C430042DAEF /* UIKit.framework */,
				C6C686E5197F7C430042DAEF /* XCTest.framework */,
				DD5D5A459E9E4F7EAD14C4A3 /* libPods.a */,
			);
			name = Frameworks;
			sourceTree = "<group>";
		};
		C6C686CC197F7C430042DAEF /* TimeRecord */ = {
			isa = PBXGroup;
			children = (
				C6C686D5197F7C430042DAEF /* TRAppDelegate.h */,
				C6C686D6197F7C430042DAEF /* TRAppDelegate.m */,
				C6C686D8197F7C430042DAEF /* Main.storyboard */,
				C6C686FC197F9CD70042DAEF /* Models */,
				C6C686FD197F9CD70042DAEF /* Views */,
				C6C686FB197F9CD70042DAEF /* Controllers */,
				C6C6870B197FBA3F0042DAEF /* Vendors */,
				C6C686DE197F7C430042DAEF /* Images.xcassets */,
				C6C686CD197F7C430042DAEF /* Supporting Files */,
			);
			path = TimeRecord;
			sourceTree = "<group>";
		};
		C6C686CD197F7C430042DAEF /* Supporting Files */ = {
			isa = PBXGroup;
			children = (
				C6C686CE197F7C430042DAEF /* TimeRecord-Info.plist */,
				C6C686CF197F7C430042DAEF /* InfoPlist.strings */,
				C6C686D2197F7C430042DAEF /* main.m */,
				C6C686D4197F7C430042DAEF /* TimeRecord-Prefix.pch */,
			);
			name = "Supporting Files";
			sourceTree = "<group>";
		};
		C6C686EB197F7C430042DAEF /* TimeRecordTests */ = {
			isa = PBXGroup;
			children = (
				C6C686F1197F7C430042DAEF /* TimeRecordTests.m */,
				C6C686EC197F7C430042DAEF /* Supporting Files */,
			);
			path = TimeRecordTests;
			sourceTree = "<group>";
		};
		C6C686EC197F7C430042DAEF /* Supporting Files */ = {
			isa = PBXGroup;
			children = (
				C6C686ED197F7C430042DAEF /* TimeRecordTests-Info.plist */,
				C6C686EE197F7C430042DAEF /* InfoPlist.strings */,
			);
			name = "Supporting Files";
			sourceTree = "<group>";
		};
		C6C686FB197F9CD70042DAEF /* Controllers */ = {
			isa = PBXGroup;
			children = (
				C6C68700197F9D820042DAEF /* Time */,
				C6C686FF197F9D820042DAEF /* Mine */,
				C6C68707197FA2220042DAEF /* PhotoBrowser */,
				C6C68717197FD9130042DAEF /* PhotoTag */,
				C6C6873F1981043D0042DAEF /* PhotoPicker */,
			);
			path = Controllers;
			sourceTree = "<group>";
		};
		C6C686FC197F9CD70042DAEF /* Models */ = {
			isa = PBXGroup;
			children = (
				C6C687331980B94E0042DAEF /* Managers */,
				C6C6872A1980B4450042DAEF /* TimePhotoModel */,
				C6C687261980B25E0042DAEF /* TimeModel */,
			);
			path = Models;
			sourceTree = "<group>";
		};
		C6C686FD197F9CD70042DAEF /* Views */ = {
			isa = PBXGroup;
			children = (
				C6C687231980AE710042DAEF /* TRMineView.h */,
				C6C687241980AE710042DAEF /* TRMineView.m */,
			);
			path = Views;
			sourceTree = "<group>";
		};
		C6C686FF197F9D820042DAEF /* Mine */ = {
			isa = PBXGroup;
			children = (
				C6C68704197F9DB90042DAEF /* TRMineTableViewController.h */,
				C6C68705197F9DB90042DAEF /* TRMineTableViewController.m */,
			);
			path = Mine;
			sourceTree = "<group>";
		};
		C6C68700197F9D820042DAEF /* Time */ = {
			isa = PBXGroup;
			children = (
				C6C68701197F9DA90042DAEF /* TRTimeTableViewController.h */,
				C6C68702197F9DA90042DAEF /* TRTimeTableViewController.m */,
				C6C6872E1980B6D60042DAEF /* TRTimeCreateTableViewController.h */,
				C6C6872F1980B6D60042DAEF /* TRTimeCreateTableViewController.m */,
				C6C687311980B7010042DAEF /* Time.storyboard */,
			);
			path = Time;
			sourceTree = "<group>";
		};
		C6C68707197FA2220042DAEF /* PhotoBrowser */ = {
			isa = PBXGroup;
			children = (
				C6C6873C1980F29A0042DAEF /* TRPhotoBrowserDelegate.h */,
				C6C6873D1980F29A0042DAEF /* TRPhotoBrowserDelegate.m */,
			);
			path = PhotoBrowser;
			sourceTree = "<group>";
		};
		C6C6870B197FBA3F0042DAEF /* Vendors */ = {
			isa = PBXGroup;
			children = (
				8ECD852F1980A53800A71228 /* LevelDB */,
				C6C6870C197FBAA90042DAEF /* Sugar */,
			);
			path = Vendors;
			sourceTree = "<group>";
		};
		C6C6870C197FBAA90042DAEF /* Sugar */ = {
			isa = PBXGroup;
			children = (
				C6C6870D197FBAC70042DAEF /* UIViewController+Sugar.h */,
				C6C6870E197FBAC70042DAEF /* UIViewController+Sugar.m */,
			);
			path = Sugar;
			sourceTree = "<group>";
		};
		C6C68717197FD9130042DAEF /* PhotoTag */ = {
			isa = PBXGroup;
			children = (
				C6C68718197FDBA00042DAEF /* TRPhotoTagViewController.h */,
				C6C68719197FDBA00042DAEF /* TRPhotoTagViewController.m */,
				C6C6871D197FDF2A0042DAEF /* PhotoTag.storyboard */,
			);
			path = PhotoTag;
			sourceTree = "<group>";
		};
		C6C687261980B25E0042DAEF /* TimeModel */ = {
			isa = PBXGroup;
			children = (
				C6C687271980B2770042DAEF /* TRTimeModel.h */,
				C6C687281980B2770042DAEF /* TRTimeModel.m */,
			);
			path = TimeModel;
			sourceTree = "<group>";
		};
		C6C6872A1980B4450042DAEF /* TimePhotoModel */ = {
			isa = PBXGroup;
			children = (
				C6C6872B1980B45C0042DAEF /* TRTimePhotoModel.h */,
				C6C6872C1980B45C0042DAEF /* TRTimePhotoModel.m */,
			);
			path = TimePhotoModel;
			sourceTree = "<group>";
		};
		C6C687331980B94E0042DAEF /* Managers */ = {
			isa = PBXGroup;
			children = (
				C6C687381980B9680042DAEF /* TimeManager */,
				C6C687341980B94E0042DAEF /* PhotoPickerManager */,
			);
			path = Managers;
			sourceTree = "<group>";
		};
		C6C687341980B94E0042DAEF /* PhotoPickerManager */ = {
			isa = PBXGroup;
			children = (
				C6C687351980B94E0042DAEF /* TRPhotoPickerManager.h */,
				C6C687361980B94E0042DAEF /* TRPhotoPickerManager.m */,
			);
			path = PhotoPickerManager;
			sourceTree = "<group>";
		};
		C6C687381980B9680042DAEF /* TimeManager */ = {
			isa = PBXGroup;
			children = (
				C6C687391980B9770042DAEF /* TRTimeManager.h */,
				C6C6873A1980B9770042DAEF /* TRTimeManager.m */,
			);
			path = TimeManager;
			sourceTree = "<group>";
		};
		C6C6873F1981043D0042DAEF /* PhotoPicker */ = {
			isa = PBXGroup;
			children = (
				C6C68740198104740042DAEF /* TRPhotoPicker.h */,
				C6C68741198104740042DAEF /* TRPhotoPicker.m */,
				C6C687431981053B0042DAEF /* TRPhotoPickerDelegate.h */,
				C6C687441981053B0042DAEF /* TRPhotoPickerDelegate.m */,
			);
			path = PhotoPicker;
			sourceTree = "<group>";
		};
/* End PBXGroup section */

/* Begin PBXNativeTarget section */
		C6C686C2197F7C430042DAEF /* TimeRecord */ = {
			isa = PBXNativeTarget;
			buildConfigurationList = C6C686F5197F7C430042DAEF /* Build configuration list for PBXNativeTarget "TimeRecord" */;
			buildPhases = (
				26D34900F7154A8D833D2450 /* Check Pods Manifest.lock */,
				C6C686BF197F7C430042DAEF /* Sources */,
				C6C686C0197F7C430042DAEF /* Frameworks */,
				C6C686C1197F7C430042DAEF /* Resources */,
				07C63DFD1ADA4DB897008508 /* Copy Pods Resources */,
			);
			buildRules = (
			);
			dependencies = (
			);
			name = TimeRecord;
			productName = TimeRecord;
			productReference = C6C686C3197F7C430042DAEF /* TimeRecord.app */;
			productType = "com.apple.product-type.application";
		};
		C6C686E3197F7C430042DAEF /* TimeRecordTests */ = {
			isa = PBXNativeTarget;
			buildConfigurationList = C6C686F8197F7C430042DAEF /* Build configuration list for PBXNativeTarget "TimeRecordTests" */;
			buildPhases = (
				C6C686E0197F7C430042DAEF /* Sources */,
				C6C686E1197F7C430042DAEF /* Frameworks */,
				C6C686E2197F7C430042DAEF /* Resources */,
			);
			buildRules = (
			);
			dependencies = (
				C6C686EA197F7C430042DAEF /* PBXTargetDependency */,
			);
			name = TimeRecordTests;
			productName = TimeRecordTests;
			productReference = C6C686E4197F7C430042DAEF /* TimeRecordTests.xctest */;
			productType = "com.apple.product-type.bundle.unit-test";
		};
/* End PBXNativeTarget section */

/* Begin PBXProject section */
		C6C686BB197F7C430042DAEF /* Project object */ = {
			isa = PBXProject;
			attributes = {
				CLASSPREFIX = TR;
				LastUpgradeCheck = 0510;
				ORGANIZATIONNAME = "ocean tang";
				TargetAttributes = {
					C6C686E3197F7C430042DAEF = {
						TestTargetID = C6C686C2197F7C430042DAEF;
					};
				};
			};
			buildConfigurationList = C6C686BE197F7C430042DAEF /* Build configuration list for PBXProject "TimeRecord" */;
			compatibilityVersion = "Xcode 3.2";
			developmentRegion = English;
			hasScannedForEncodings = 0;
			knownRegions = (
				en,
				Base,
			);
			mainGroup = C6C686BA197F7C430042DAEF;
			productRefGroup = C6C686C4197F7C430042DAEF /* Products */;
			projectDirPath = "";
			projectRoot = "";
			targets = (
				C6C686C2197F7C430042DAEF /* TimeRecord */,
				C6C686E3197F7C430042DAEF /* TimeRecordTests */,
			);
		};
/* End PBXProject section */

/* Begin PBXResourcesBuildPhase section */
		C6C686C1197F7C430042DAEF /* Resources */ = {
			isa = PBXResourcesBuildPhase;
			buildActionMask = 2147483647;
			files = (
				C6C6871E197FDF2A0042DAEF /* PhotoTag.storyboard in Resources */,
				C6C686DF197F7C430042DAEF /* Images.xcassets in Resources */,
				C6C687321980B7010042DAEF /* Time.storyboard in Resources */,
				C6C686D1197F7C430042DAEF /* InfoPlist.strings in Resources */,
				C6C686DA197F7C430042DAEF /* Main.storyboard in Resources */,
			);
			runOnlyForDeploymentPostprocessing = 0;
		};
		C6C686E2197F7C430042DAEF /* Resources */ = {
			isa = PBXResourcesBuildPhase;
			buildActionMask = 2147483647;
			files = (
				C6C686F0197F7C430042DAEF /* InfoPlist.strings in Resources */,
			);
			runOnlyForDeploymentPostprocessing = 0;
		};
/* End PBXResourcesBuildPhase section */

/* Begin PBXShellScriptBuildPhase section */
		07C63DFD1ADA4DB897008508 /* Copy Pods Resources */ = {
			isa = PBXShellScriptBuildPhase;
			buildActionMask = 2147483647;
			files = (
			);
			inputPaths = (
			);
			name = "Copy Pods Resources";
			outputPaths = (
			);
			runOnlyForDeploymentPostprocessing = 0;
			shellPath = /bin/sh;
			shellScript = "\"${SRCROOT}/Pods/Pods-resources.sh\"\n";
			showEnvVarsInLog = 0;
		};
		26D34900F7154A8D833D2450 /* Check Pods Manifest.lock */ = {
			isa = PBXShellScriptBuildPhase;
			buildActionMask = 2147483647;
			files = (
			);
			inputPaths = (
			);
			name = "Check Pods Manifest.lock";
			outputPaths = (
			);
			runOnlyForDeploymentPostprocessing = 0;
			shellPath = /bin/sh;
			shellScript = "diff \"${PODS_ROOT}/../Podfile.lock\" \"${PODS_ROOT}/Manifest.lock\" > /dev/null\nif [[ $? != 0 ]] ; then\n    cat << EOM\nerror: The sandbox is not in sync with the Podfile.lock. Run 'pod install' or update your CocoaPods installation.\nEOM\n    exit 1\nfi\n";
			showEnvVarsInLog = 0;
		};
/* End PBXShellScriptBuildPhase section */

/* Begin PBXSourcesBuildPhase section */
		C6C686BF197F7C430042DAEF /* Sources */ = {
			isa = PBXSourcesBuildPhase;
			buildActionMask = 2147483647;
			files = (
				C6C687371980B94E0042DAEF /* TRPhotoPickerManager.m in Sources */,
				C6C687301980B6D60042DAEF /* TRTimeCreateTableViewController.m in Sources */,
				C6C68742198104740042DAEF /* TRPhotoPicker.m in Sources */,
				C6C6873E1980F29A0042DAEF /* TRPhotoBrowserDelegate.m in Sources */,
				C6C6872D1980B45C0042DAEF /* TRTimePhotoModel.m in Sources */,
				C6C6871A197FDBA00042DAEF /* TRPhotoTagViewController.m in Sources */,
				C6C68706197F9DB90042DAEF /* TRMineTableViewController.m in Sources */,
				C6C686D7197F7C430042DAEF /* TRAppDelegate.m in Sources */,
				C6C6873B1980B9770042DAEF /* TRTimeManager.m in Sources */,
				C6C686D3197F7C430042DAEF /* main.m in Sources */,
				C6C687251980AE710042DAEF /* TRMineView.m in Sources */,
				C6C687451981053B0042DAEF /* TRPhotoPickerDelegate.m in Sources */,
				8ECD85321980A55C00A71228 /* TRLevelDB.m in Sources */,
				C6C68703197F9DA90042DAEF /* TRTimeTableViewController.m in Sources */,
				C6C687291980B2770042DAEF /* TRTimeModel.m in Sources */,
				C6C6870F197FBAC70042DAEF /* UIViewController+Sugar.m in Sources */,
			);
			runOnlyForDeploymentPostprocessing = 0;
		};
		C6C686E0197F7C430042DAEF /* Sources */ = {
			isa = PBXSourcesBuildPhase;
			buildActionMask = 2147483647;
			files = (
				C6C686F2197F7C430042DAEF /* TimeRecordTests.m in Sources */,
			);
			runOnlyForDeploymentPostprocessing = 0;
		};
/* End PBXSourcesBuildPhase section */

/* Begin PBXTargetDependency section */
		C6C686EA197F7C430042DAEF /* PBXTargetDependency */ = {
			isa = PBXTargetDependency;
			target = C6C686C2197F7C430042DAEF /* TimeRecord */;
			targetProxy = C6C686E9197F7C430042DAEF /* PBXContainerItemProxy */;
		};
/* End PBXTargetDependency section */

/* Begin PBXVariantGroup section */
		C6C686CF197F7C430042DAEF /* InfoPlist.strings */ = {
			isa = PBXVariantGroup;
			children = (
				C6C686D0197F7C430042DAEF /* en */,
			);
			name = InfoPlist.strings;
			sourceTree = "<group>";
		};
		C6C686D8197F7C430042DAEF /* Main.storyboard */ = {
			isa = PBXVariantGroup;
			children = (
				C6C686D9197F7C430042DAEF /* Base */,
			);
			name = Main.storyboard;
			sourceTree = "<group>";
		};
		C6C686EE197F7C430042DAEF /* InfoPlist.strings */ = {
			isa = PBXVariantGroup;
			children = (
				C6C686EF197F7C430042DAEF /* en */,
			);
			name = InfoPlist.strings;
			sourceTree = "<group>";
		};
/* End PBXVariantGroup section */

/* Begin XCBuildConfiguration section */
		C6C686F3197F7C430042DAEF /* Debug */ = {
			isa = XCBuildConfiguration;
			buildSettings = {
				ALWAYS_SEARCH_USER_PATHS = NO;
				CLANG_CXX_LANGUAGE_STANDARD = "gnu++0x";
				CLANG_CXX_LIBRARY = "libc++";
				CLANG_ENABLE_MODULES = YES;
				CLANG_ENABLE_OBJC_ARC = YES;
				CLANG_WARN_BOOL_CONVERSION = YES;
				CLANG_WARN_CONSTANT_CONVERSION = YES;
				CLANG_WARN_DIRECT_OBJC_ISA_USAGE = YES_ERROR;
				CLANG_WARN_EMPTY_BODY = YES;
				CLANG_WARN_ENUM_CONVERSION = YES;
				CLANG_WARN_INT_CONVERSION = YES;
				CLANG_WARN_OBJC_ROOT_CLASS = YES_ERROR;
				CLANG_WARN__DUPLICATE_METHOD_MATCH = YES;
				"CODE_SIGN_IDENTITY[sdk=iphoneos*]" = "iPhone Developer";
				COPY_PHASE_STRIP = NO;
				GCC_C_LANGUAGE_STANDARD = gnu99;
				GCC_DYNAMIC_NO_PIC = NO;
				GCC_OPTIMIZATION_LEVEL = 0;
				GCC_PREPROCESSOR_DEFINITIONS = (
					"DEBUG=1",
					"$(inherited)",
				);
				GCC_SYMBOLS_PRIVATE_EXTERN = NO;
				GCC_WARN_64_TO_32_BIT_CONVERSION = YES;
				GCC_WARN_ABOUT_RETURN_TYPE = YES_ERROR;
				GCC_WARN_UNDECLARED_SELECTOR = YES;
				GCC_WARN_UNINITIALIZED_AUTOS = YES_AGGRESSIVE;
				GCC_WARN_UNUSED_FUNCTION = YES;
				GCC_WARN_UNUSED_VARIABLE = YES;
				IPHONEOS_DEPLOYMENT_TARGET = 7.1;
				ONLY_ACTIVE_ARCH = YES;
				SDKROOT = iphoneos;
			};
			name = Debug;
		};
		C6C686F4197F7C430042DAEF /* Release */ = {
			isa = XCBuildConfiguration;
			buildSettings = {
				ALWAYS_SEARCH_USER_PATHS = NO;
				CLANG_CXX_LANGUAGE_STANDARD = "gnu++0x";
				CLANG_CXX_LIBRARY = "libc++";
				CLANG_ENABLE_MODULES = YES;
				CLANG_ENABLE_OBJC_ARC = YES;
				CLANG_WARN_BOOL_CONVERSION = YES;
				CLANG_WARN_CONSTANT_CONVERSION = YES;
				CLANG_WARN_DIRECT_OBJC_ISA_USAGE = YES_ERROR;
				CLANG_WARN_EMPTY_BODY = YES;
				CLANG_WARN_ENUM_CONVERSION = YES;
				CLANG_WARN_INT_CONVERSION = YES;
				CLANG_WARN_OBJC_ROOT_CLASS = YES_ERROR;
				CLANG_WARN__DUPLICATE_METHOD_MATCH = YES;
				"CODE_SIGN_IDENTITY[sdk=iphoneos*]" = "iPhone Developer";
				COPY_PHASE_STRIP = YES;
				ENABLE_NS_ASSERTIONS = NO;
				GCC_C_LANGUAGE_STANDARD = gnu99;
				GCC_WARN_64_TO_32_BIT_CONVERSION = YES;
				GCC_WARN_ABOUT_RETURN_TYPE = YES_ERROR;
				GCC_WARN_UNDECLARED_SELECTOR = YES;
				GCC_WARN_UNINITIALIZED_AUTOS = YES_AGGRESSIVE;
				GCC_WARN_UNUSED_FUNCTION = YES;
				GCC_WARN_UNUSED_VARIABLE = YES;
				IPHONEOS_DEPLOYMENT_TARGET = 7.1;
				SDKROOT = iphoneos;
				VALIDATE_PRODUCT = YES;
			};
			name = Release;
		};
		C6C686F6197F7C430042DAEF /* Debug */ = {
			isa = XCBuildConfiguration;
			baseConfigurationReference = B80D4A2BF5F1432D91312A96 /* Pods.xcconfig */;
			buildSettings = {
				ASSETCATALOG_COMPILER_APPICON_NAME = AppIcon;
				ASSETCATALOG_COMPILER_LAUNCHIMAGE_NAME = LaunchImage;
				GCC_PRECOMPILE_PREFIX_HEADER = YES;
				GCC_PREFIX_HEADER = "TimeRecord/TimeRecord-Prefix.pch";
				INFOPLIST_FILE = "TimeRecord/TimeRecord-Info.plist";
				PRODUCT_NAME = "$(TARGET_NAME)";
				WRAPPER_EXTENSION = app;
			};
			name = Debug;
		};
		C6C686F7197F7C430042DAEF /* Release */ = {
			isa = XCBuildConfiguration;
			baseConfigurationReference = B80D4A2BF5F1432D91312A96 /* Pods.xcconfig */;
			buildSettings = {
				ASSETCATALOG_COMPILER_APPICON_NAME = AppIcon;
				ASSETCATALOG_COMPILER_LAUNCHIMAGE_NAME = LaunchImage;
				GCC_PRECOMPILE_PREFIX_HEADER = YES;
				GCC_PREFIX_HEADER = "TimeRecord/TimeRecord-Prefix.pch";
				INFOPLIST_FILE = "TimeRecord/TimeRecord-Info.plist";
				PRODUCT_NAME = "$(TARGET_NAME)";
				WRAPPER_EXTENSION = app;
			};
			name = Release;
		};
		C6C686F9197F7C430042DAEF /* Debug */ = {
			isa = XCBuildConfiguration;
			buildSettings = {
				BUNDLE_LOADER = "$(BUILT_PRODUCTS_DIR)/TimeRecord.app/TimeRecord";
				FRAMEWORK_SEARCH_PATHS = (
					"$(SDKROOT)/Developer/Library/Frameworks",
					"$(inherited)",
					"$(DEVELOPER_FRAMEWORKS_DIR)",
				);
				GCC_PRECOMPILE_PREFIX_HEADER = YES;
				GCC_PREFIX_HEADER = "TimeRecord/TimeRecord-Prefix.pch";
				GCC_PREPROCESSOR_DEFINITIONS = (
					"DEBUG=1",
					"$(inherited)",
				);
				INFOPLIST_FILE = "TimeRecordTests/TimeRecordTests-Info.plist";
				PRODUCT_NAME = "$(TARGET_NAME)";
				TEST_HOST = "$(BUNDLE_LOADER)";
				WRAPPER_EXTENSION = xctest;
			};
			name = Debug;
		};
		C6C686FA197F7C430042DAEF /* Release */ = {
			isa = XCBuildConfiguration;
			buildSettings = {
				BUNDLE_LOADER = "$(BUILT_PRODUCTS_DIR)/TimeRecord.app/TimeRecord";
				FRAMEWORK_SEARCH_PATHS = (
					"$(SDKROOT)/Developer/Library/Frameworks",
					"$(inherited)",
					"$(DEVELOPER_FRAMEWORKS_DIR)",
				);
				GCC_PRECOMPILE_PREFIX_HEADER = YES;
				GCC_PREFIX_HEADER = "TimeRecord/TimeRecord-Prefix.pch";
				INFOPLIST_FILE = "TimeRecordTests/TimeRecordTests-Info.plist";
				PRODUCT_NAME = "$(TARGET_NAME)";
				TEST_HOST = "$(BUNDLE_LOADER)";
				WRAPPER_EXTENSION = xctest;
			};
			name = Release;
		};
/* End XCBuildConfiguration section */

/* Begin XCConfigurationList section */
		C6C686BE197F7C430042DAEF /* Build configuration list for PBXProject "TimeRecord" */ = {
			isa = XCConfigurationList;
			buildConfigurations = (
				C6C686F3197F7C430042DAEF /* Debug */,
				C6C686F4197F7C430042DAEF /* Release */,
			);
			defaultConfigurationIsVisible = 0;
			defaultConfigurationName = Release;
		};
		C6C686F5197F7C430042DAEF /* Build configuration list for PBXNativeTarget "TimeRecord" */ = {
			isa = XCConfigurationList;
			buildConfigurations = (
				C6C686F6197F7C430042DAEF /* Debug */,
				C6C686F7197F7C430042DAEF /* Release */,
			);
			defaultConfigurationIsVisible = 0;
			defaultConfigurationName = Release;
		};
		C6C686F8197F7C430042DAEF /* Build configuration list for PBXNativeTarget "TimeRecordTests" */ = {
			isa = XCConfigurationList;
			buildConfigurations = (
				C6C686F9197F7C430042DAEF /* Debug */,
				C6C686FA197F7C430042DAEF /* Release */,
			);
			defaultConfigurationIsVisible = 0;
			defaultConfigurationName = Release;
		};
/* End XCConfigurationList section */
	};
	rootObject = C6C686BB197F7C430042DAEF /* Project object */;
}
